
Microsoft Visual Studio Solution File, Format Version 12.00
# Visual Studio 15
VisualStudioVersion = 15.0.27130.2027
MinimumVisualStudioVersion = 10.0.40219.1
Project("{FAE04EC0-301F-11D3-BF4B-00C04F79EFBC}") = "We Are One", "We Are One\We Are One.csproj", "{C40691A0-EF37-4966-A784-CCFC59664F92}"
EndProject
Global
	GlobalSection(SolutionConfigurationPlatforms) = preSolution
		Debug|Any CPU = Debug|Any CPU
		Debug|x86 = Debug|x86
		Release|Any CPU = Release|Any CPU
		Release|x86 = Release|x86
	EndGlobalSection
	GlobalSection(ProjectConfigurationPlatforms) = postSolution
		{C40691A0-EF37-4966-A784-CCFC59664F92}.Debug|Any CPU.ActiveCfg = Debug|Any CPU
		{C40691A0-EF37-4966-A784-CCFC59664F92}.Debug|Any CPU.Build.0 = Debug|Any CPU
		{C40691A0-EF37-4966-A784-CCFC59664F92}.Debug|x86.ActiveCfg = Debug|x86
		{C40691A0-EF37-4966-A784-CCFC59664F92}.Debug|x86.Build.0 = Debug|x86
		{C40691A0-EF37-4966-A784-CCFC59664F92}.Release|Any CPU.ActiveCfg = Release|Any CPU
		{C40691A0-EF37-4966-A784-CCFC59664F92}.Release|Any CPU.Build.0 = Release|Any CPU
		{C40691A0-EF37-4966-A784-CCFC59664F92}.Release|x86.ActiveCfg = Release|x86
		{C40691A0-EF37-4966-A784-CCFC59664F92}.Release|x86.Build.0 = Release|x86
	EndGlobalSection
	GlobalSection(SolutionProperties) = preSolution
		HideSolutionNode = FALSE
	EndGlobalSection
	GlobalSection(ExtensibilityGlobals) = postSolution
		SolutionGuid = {2710B5A4-7526-4390-AEF3-D8BFC872B0BA}
	EndGlobalSection
EndGlobal
